
Microsoft Visual Studio Solution File, Format Version 12.00
# Visual Studio Version 17
VisualStudioVersion = 17.9.34728.123
MinimumVisualStudioVersion = 10.0.40219.1
Project("{FAE04EC0-301F-11D3-BF4B-00C04F79EFBC}") = "HorseRaces05.03", "HorseRaces05.03\HorseRaces05.03.csproj", "{2BFC534A-9EFB-43D3-8D13-8F8CD2B58A62}"
EndProject
Global
	GlobalSection(SolutionConfigurationPlatforms) = preSolution
		Debug|Any CPU = Debug|Any CPU
		Release|Any CPU = Release|Any CPU
	EndGlobalSection
	GlobalSection(ProjectConfigurationPlatforms) = postSolution
		{2BFC534A-9EFB-43D3-8D13-8F8CD2B58A62}.Debug|Any CPU.ActiveCfg = Debug|Any CPU
		{2BFC534A-9EFB-43D3-8D13-8F8CD2B58A62}.Debug|Any CPU.Build.0 = Debug|Any CPU
		{2BFC534A-9EFB-43D3-8D13-8F8CD2B58A62}.Release|Any CPU.ActiveCfg = Release|Any CPU
		{2BFC534A-9EFB-43D3-8D13-8F8CD2B58A62}.Release|Any CPU.Build.0 = Release|Any CPU
	EndGlobalSection
	GlobalSection(SolutionProperties) = preSolution
		HideSolutionNode = FALSE
	EndGlobalSection
	GlobalSection(ExtensibilityGlobals) = postSolution
		SolutionGuid = {EBD53050-C35E-41FF-AC6C-DE24AADE3F24}
	EndGlobalSection
EndGlobal
